<?xml version="1.0" encoding="utf-8"?>
<Project ToolsVersion="4.0" xmlns="http://schemas.microsoft.com/developer/msbuild/2003">
  <ItemGroup>
    <ClCompile Include="stdafx.cpp" />
    <ClCompile Include="Prefabs\FreeCamera.cpp" />
    <ClCompile Include="Prefabs\FixedCamera.cpp" />
    <ClCompile Include="Base\GameTime.cpp" />
    <ClCompile Include="Managers\InputManager.cpp" />
    <ClCompile Include="Managers\MaterialManager.cpp" />
    <ClCompile Include="Base\OverlordGame.cpp" />
    <ClCompile Include="Managers\SoundManager.cpp" />
    <ClCompile Include="Components\BaseComponent.cpp" />
    <ClCompile Include="Components\CameraComponent.cpp" />
    <ClCompile Include="Components\ControllerComponent.cpp" />
    <ClCompile Include="Components\MeshDrawComponent.cpp" />
    <ClCompile Include="Components\MeshIndexedDrawComponent.cpp" />
    <ClCompile Include="Components\ModelComponent.cpp" />
    <ClCompile Include="Components\RigidBodyComponent.cpp" />
    <ClCompile Include="Components\SpriteComponent.cpp" />
    <ClCompile Include="Components\TransformComponent.cpp" />
    <ClCompile Include="Managers\ContentManager.cpp" />
    <ClCompile Include="Content\EffectLoader.cpp" />
    <ClCompile Include="Content\MeshFilterLoader.cpp" />
    <ClCompile Include="Content\PxMeshLoader.cpp" />
    <ClCompile Include="Content\SpriteFontLoader.cpp" />
    <ClCompile Include="Content\TextureDataLoader.cpp" />
    <ClCompile Include="Graphics\DebugRenderer.cpp" />
    <ClCompile Include="Base\GameStats.cpp" />
    <ClCompile Include="Base\Logger.cpp" />
    <ClCompile Include="Misc\BaseMaterial.cpp" />
    <ClCompile Include="Misc\Material.cpp" />
    <ClCompile Include="Misc\MeshFilter.cpp" />
    <ClCompile Include="Misc\ModelAnimator.cpp" />
    <ClCompile Include="Misc\RenderTarget.cpp" />
    <ClCompile Include="Misc\SpriteFont.cpp" />
    <ClCompile Include="Graphics\SpriteRenderer.cpp" />
    <ClCompile Include="Graphics\TextRenderer.cpp" />
    <ClCompile Include="Misc\TextureData.cpp" />
    <ClCompile Include="Scenegraph\GameObject.cpp" />
    <ClCompile Include="Scenegraph\GameScene.cpp" />
    <ClCompile Include="Managers\SceneManager.cpp" />
    <ClCompile Include="PhysX\PhysxErrorCallback.cpp" />
    <ClCompile Include="Managers\PhysXManager.cpp" />
    <ClCompile Include="PhysX\PhysxProxy.cpp" />
    <ClCompile Include="Utils\BinaryReader.cpp" />
    <ClCompile Include="Utils\EffectHelper.cpp" />
    <ClCompile Include="Utils\ImguiHelper.cpp" />
    <ClCompile Include="Utils\PhysxHelper.cpp" />
    <ClCompile Include="Utils\Utils.cpp" />
    <ClCompile Include="Utils\VertexHelper.cpp" />
    <ClCompile Include="Misc\ParticleMaterial.cpp" />
    <ClCompile Include="Misc\PostProcessingMaterial.cpp" />
    <ClCompile Include="Misc\ShadowMapMaterial.cpp" />
    <ClCompile Include="Managers\LightManager.cpp" />
    <ClCompile Include="Graphics\ShadowMapRenderer.cpp" />
    <ClCompile Include="Components\ParticleEmitterComponent.cpp" />
  </ItemGroup>
  <ItemGroup>
    <ClInclude Include="stdafx.h" />
    <ClInclude Include="OverlordAPI.h" />
    <ClInclude Include="Prefabs\FixedCamera.h" />
    <ClInclude Include="Prefabs\FreeCamera.h" />
    <ClInclude Include="Utils\Macros.h" />
    <ClInclude Include="Base\GameTime.h" />
    <ClInclude Include="Managers\InputManager.h" />
    <ClInclude Include="Managers\MaterialManager.h" />
    <ClInclude Include="Base\OverlordGame.h" />
    <ClInclude Include="Managers\SoundManager.h" />
    <ClInclude Include="Base\Structs.h" />
    <ClInclude Include="Components\BaseComponent.h" />
    <ClInclude Include="Components\CameraComponent.h" />
    <ClInclude Include="Components\ControllerComponent.h" />
    <ClInclude Include="Components\MeshDrawComponent.h" />
    <ClInclude Include="Components\MeshIndexedDrawComponent.h" />
    <ClInclude Include="Components\ModelComponent.h" />
    <ClInclude Include="Components\RigidBodyComponent.h" />
    <ClInclude Include="Components\SpriteComponent.h" />
    <ClInclude Include="Components\TransformComponent.h" />
    <ClInclude Include="Content\ContentLoader.h" />
    <ClInclude Include="Managers\ContentManager.h" />
    <ClInclude Include="Content\EffectLoader.h" />
    <ClInclude Include="Content\MeshFilterLoader.h" />
    <ClInclude Include="Content\PxMeshLoader.h" />
    <ClInclude Include="Content\SpriteFontLoader.h" />
    <ClInclude Include="Content\TextureDataLoader.h" />
    <ClInclude Include="Graphics\DebugRenderer.h" />
    <ClInclude Include="Base\GameStats.h" />
    <ClInclude Include="Base\Logger.h" />
    <ClInclude Include="Misc\BaseMaterial.h" />
    <ClInclude Include="Misc\Material.h" />
    <ClInclude Include="Misc\MeshFilter.h" />
    <ClInclude Include="Misc\ModelAnimator.h" />
    <ClInclude Include="Misc\RenderTarget.h" />
    <ClInclude Include="Misc\SpriteFont.h" />
    <ClInclude Include="Graphics\SpriteRenderer.h" />
    <ClInclude Include="Graphics\TextRenderer.h" />
    <ClInclude Include="Misc\TextureData.h" />
    <ClInclude Include="Scenegraph\GameObject.h" />
    <ClInclude Include="Scenegraph\GameScene.h" />
    <ClInclude Include="Managers\SceneManager.h" />
    <ClInclude Include="PhysX\OverlordSimulationFilterShader.h" />
    <ClInclude Include="PhysX\PhysxAllocator.h" />
    <ClInclude Include="PhysX\PhysxErrorCallback.h" />
    <ClInclude Include="Managers\PhysXManager.h" />
    <ClInclude Include="PhysX\PhysxProxy.h" />
    <ClInclude Include="Utils\BinaryReader.h" />
    <ClInclude Include="Utils\EffectHelper.h" />
    <ClInclude Include="Base\Enumerations.h" />
    <ClInclude Include="Utils\ImguiHelper.h" />
    <ClInclude Include="Utils\MathHelper.h" />
    <ClInclude Include="Utils\PhysxHelper.h" />
    <ClInclude Include="Utils\Singleton.h" />
    <ClInclude Include="Utils\Utils.h" />
    <ClInclude Include="Utils\VertexHelper.h" />
    <ClInclude Include="Lab_Todos.h" />
    <ClInclude Include="Misc\ParticleMaterial.h" />
    <ClInclude Include="Misc\PostProcessingMaterial.h" />
    <ClInclude Include="Misc\ShadowMapMaterial.h" />
    <ClInclude Include="Managers\LightManager.h" />
    <ClInclude Include="Graphics\ShadowMapRenderer.h" />
    <ClInclude Include="Components\ParticleEmitterComponent.h" />
  </ItemGroup>
</Project>